
Microsoft Visual Studio Solution File, Format Version 12.00
# Visual Studio Version 16
VisualStudioVersion = 16.0.32106.194
MinimumVisualStudioVersion = 10.0.40219.1
Project("{FAE04EC0-301F-11D3-BF4B-00C04F79EFBC}") = "Messenger.API", "Messenger.API\Messenger.API.csproj", "{932F735C-41F8-4148-8154-ED62CABF2E5E}"
EndProject
Project("{FAE04EC0-301F-11D3-BF4B-00C04F79EFBC}") = "Messenger.API.Tests", "Messenger.API.Tests\Messenger.API.Tests.csproj", "{9063EBC6-6DAB-4FC3-B92C-F8221FDB2A87}"
EndProject
Project("{FAE04EC0-301F-11D3-BF4B-00C04F79EFBC}") = "Messenger.UI", "Messenger.UI\Messenger.UI.csproj", "{EA59371F-215C-4130-A5DA-30FE4734D5D6}"
EndProject
Project("{FAE04EC0-301F-11D3-BF4B-00C04F79EFBC}") = "Messenger.Data", "Messenger.Data\Messenger.Data.csproj", "{AE543732-1CBA-43A5-B122-4D4BDBE7D5B9}"
EndProject
Global
	GlobalSection(SolutionConfigurationPlatforms) = preSolution
		Debug|Any CPU = Debug|Any CPU
		Debug|ARM = Debug|ARM
		Debug|ARM64 = Debug|ARM64
		Debug|x64 = Debug|x64
		Debug|x86 = Debug|x86
		Release|Any CPU = Release|Any CPU
		Release|ARM = Release|ARM
		Release|ARM64 = Release|ARM64
		Release|x64 = Release|x64
		Release|x86 = Release|x86
	EndGlobalSection
	GlobalSection(ProjectConfigurationPlatforms) = postSolution
		{932F735C-41F8-4148-8154-ED62CABF2E5E}.Debug|Any CPU.ActiveCfg = Debug|Any CPU
		{932F735C-41F8-4148-8154-ED62CABF2E5E}.Debug|Any CPU.Build.0 = Debug|Any CPU
		{932F735C-41F8-4148-8154-ED62CABF2E5E}.Debug|ARM.ActiveCfg = Debug|Any CPU
		{932F735C-41F8-4148-8154-ED62CABF2E5E}.Debug|ARM.Build.0 = Debug|Any CPU
		{932F735C-41F8-4148-8154-ED62CABF2E5E}.Debug|ARM64.ActiveCfg = Debug|Any CPU
		{932F735C-41F8-4148-8154-ED62CABF2E5E}.Debug|ARM64.Build.0 = Debug|Any CPU
		{932F735C-41F8-4148-8154-ED62CABF2E5E}.Debug|x64.ActiveCfg = Debug|Any CPU
		{932F735C-41F8-4148-8154-ED62CABF2E5E}.Debug|x64.Build.0 = Debug|Any CPU
		{932F735C-41F8-4148-8154-ED62CABF2E5E}.Debug|x86.ActiveCfg = Debug|Any CPU
		{932F735C-41F8-4148-8154-ED62CABF2E5E}.Debug|x86.Build.0 = Debug|Any CPU
		{932F735C-41F8-4148-8154-ED62CABF2E5E}.Release|Any CPU.ActiveCfg = Release|Any CPU
		{932F735C-41F8-4148-8154-ED62CABF2E5E}.Release|Any CPU.Build.0 = Release|Any CPU
		{932F735C-41F8-4148-8154-ED62CABF2E5E}.Release|ARM.ActiveCfg = Release|Any CPU
		{932F735C-41F8-4148-8154-ED62CABF2E5E}.Release|ARM.Build.0 = Release|Any CPU
		{932F735C-41F8-4148-8154-ED62CABF2E5E}.Release|ARM64.ActiveCfg = Release|Any CPU
		{932F735C-41F8-4148-8154-ED62CABF2E5E}.Release|ARM64.Build.0 = Release|Any CPU
		{932F735C-41F8-4148-8154-ED62CABF2E5E}.Release|x64.ActiveCfg = Release|Any CPU
		{932F735C-41F8-4148-8154-ED62CABF2E5E}.Release|x64.Build.0 = Release|Any CPU
		{932F735C-41F8-4148-8154-ED62CABF2E5E}.Release|x86.ActiveCfg = Release|Any CPU
		{932F735C-41F8-4148-8154-ED62CABF2E5E}.Release|x86.Build.0 = Release|Any CPU
		{9063EBC6-6DAB-4FC3-B92C-F8221FDB2A87}.Debug|Any CPU.ActiveCfg = Debug|Any CPU
		{9063EBC6-6DAB-4FC3-B92C-F8221FDB2A87}.Debug|Any CPU.Build.0 = Debug|Any CPU
		{9063EBC6-6DAB-4FC3-B92C-F8221FDB2A87}.Debug|ARM.ActiveCfg = Debug|Any CPU
		{9063EBC6-6DAB-4FC3-B92C-F8221FDB2A87}.Debug|ARM.Build.0 = Debug|Any CPU
		{9063EBC6-6DAB-4FC3-B92C-F8221FDB2A87}.Debug|ARM64.ActiveCfg = Debug|Any CPU
		{9063EBC6-6DAB-4FC3-B92C-F8221FDB2A87}.Debug|ARM64.Build.0 = Debug|Any CPU
		{9063EBC6-6DAB-4FC3-B92C-F8221FDB2A87}.Debug|x64.ActiveCfg = Debug|Any CPU
		{9063EBC6-6DAB-4FC3-B92C-F8221FDB2A87}.Debug|x64.Build.0 = Debug|Any CPU
		{9063EBC6-6DAB-4FC3-B92C-F8221FDB2A87}.Debug|x86.ActiveCfg = Debug|Any CPU
		{9063EBC6-6DAB-4FC3-B92C-F8221FDB2A87}.Debug|x86.Build.0 = Debug|Any CPU
		{9063EBC6-6DAB-4FC3-B92C-F8221FDB2A87}.Release|Any CPU.ActiveCfg = Release|Any CPU
		{9063EBC6-6DAB-4FC3-B92C-F8221FDB2A87}.Release|Any CPU.Build.0 = Release|Any CPU
		{9063EBC6-6DAB-4FC3-B92C-F8221FDB2A87}.Release|ARM.ActiveCfg = Release|Any CPU
		{9063EBC6-6DAB-4FC3-B92C-F8221FDB2A87}.Release|ARM.Build.0 = Release|Any CPU
		{9063EBC6-6DAB-4FC3-B92C-F8221FDB2A87}.Release|ARM64.ActiveCfg = Release|Any CPU
		{9063EBC6-6DAB-4FC3-B92C-F8221FDB2A87}.Release|ARM64.Build.0 = Release|Any CPU
		{9063EBC6-6DAB-4FC3-B92C-F8221FDB2A87}.Release|x64.ActiveCfg = Release|Any CPU
		{9063EBC6-6DAB-4FC3-B92C-F8221FDB2A87}.Release|x64.Build.0 = Release|Any CPU
		{9063EBC6-6DAB-4FC3-B92C-F8221FDB2A87}.Release|x86.ActiveCfg = Release|Any CPU
		{9063EBC6-6DAB-4FC3-B92C-F8221FDB2A87}.Release|x86.Build.0 = Release|Any CPU
		{EA59371F-215C-4130-A5DA-30FE4734D5D6}.Debug|Any CPU.ActiveCfg = Debug|x86
		{EA59371F-215C-4130-A5DA-30FE4734D5D6}.Debug|Any CPU.Build.0 = Debug|x86
		{EA59371F-215C-4130-A5DA-30FE4734D5D6}.Debug|Any CPU.Deploy.0 = Debug|x86
		{EA59371F-215C-4130-A5DA-30FE4734D5D6}.Debug|ARM.ActiveCfg = Debug|ARM
		{EA59371F-215C-4130-A5DA-30FE4734D5D6}.Debug|ARM.Build.0 = Debug|ARM
		{EA59371F-215C-4130-A5DA-30FE4734D5D6}.Debug|ARM.Deploy.0 = Debug|ARM
		{EA59371F-215C-4130-A5DA-30FE4734D5D6}.Debug|ARM64.ActiveCfg = Debug|ARM64
		{EA59371F-215C-4130-A5DA-30FE4734D5D6}.Debug|ARM64.Build.0 = Debug|ARM64
		{EA59371F-215C-4130-A5DA-30FE4734D5D6}.Debug|ARM64.Deploy.0 = Debug|ARM64
		{EA59371F-215C-4130-A5DA-30FE4734D5D6}.Debug|x64.ActiveCfg = Debug|x64
		{EA59371F-215C-4130-A5DA-30FE4734D5D6}.Debug|x64.Build.0 = Debug|x64
		{EA59371F-215C-4130-A5DA-30FE4734D5D6}.Debug|x64.Deploy.0 = Debug|x64
		{EA59371F-215C-4130-A5DA-30FE4734D5D6}.Debug|x86.ActiveCfg = Debug|x86
		{EA59371F-215C-4130-A5DA-30FE4734D5D6}.Debug|x86.Build.0 = Debug|x86
		{EA59371F-215C-4130-A5DA-30FE4734D5D6}.Debug|x86.Deploy.0 = Debug|x86
		{EA59371F-215C-4130-A5DA-30FE4734D5D6}.Release|Any CPU.ActiveCfg = Release|x86
		{EA59371F-215C-4130-A5DA-30FE4734D5D6}.Release|ARM.ActiveCfg = Release|ARM
		{EA59371F-215C-4130-A5DA-30FE4734D5D6}.Release|ARM.Build.0 = Release|ARM
		{EA59371F-215C-4130-A5DA-30FE4734D5D6}.Release|ARM.Deploy.0 = Release|ARM
		{EA59371F-215C-4130-A5DA-30FE4734D5D6}.Release|ARM64.ActiveCfg = Release|ARM64
		{EA59371F-215C-4130-A5DA-30FE4734D5D6}.Release|ARM64.Build.0 = Release|ARM64
		{EA59371F-215C-4130-A5DA-30FE4734D5D6}.Release|ARM64.Deploy.0 = Release|ARM64
		{EA59371F-215C-4130-A5DA-30FE4734D5D6}.Release|x64.ActiveCfg = Release|x64
		{EA59371F-215C-4130-A5DA-30FE4734D5D6}.Release|x64.Build.0 = Release|x64
		{EA59371F-215C-4130-A5DA-30FE4734D5D6}.Release|x64.Deploy.0 = Release|x64
		{EA59371F-215C-4130-A5DA-30FE4734D5D6}.Release|x86.ActiveCfg = Release|x86
		{EA59371F-215C-4130-A5DA-30FE4734D5D6}.Release|x86.Build.0 = Release|x86
		{EA59371F-215C-4130-A5DA-30FE4734D5D6}.Release|x86.Deploy.0 = Release|x86
		{AE543732-1CBA-43A5-B122-4D4BDBE7D5B9}.Debug|Any CPU.ActiveCfg = Debug|Any CPU
		{AE543732-1CBA-43A5-B122-4D4BDBE7D5B9}.Debug|Any CPU.Build.0 = Debug|Any CPU
		{AE543732-1CBA-43A5-B122-4D4BDBE7D5B9}.Debug|ARM.ActiveCfg = Debug|Any CPU
		{AE543732-1CBA-43A5-B122-4D4BDBE7D5B9}.Debug|ARM.Build.0 = Debug|Any CPU
		{AE543732-1CBA-43A5-B122-4D4BDBE7D5B9}.Debug|ARM64.ActiveCfg = Debug|Any CPU
		{AE543732-1CBA-43A5-B122-4D4BDBE7D5B9}.Debug|ARM64.Build.0 = Debug|Any CPU
		{AE543732-1CBA-43A5-B122-4D4BDBE7D5B9}.Debug|x64.ActiveCfg = Debug|Any CPU
		{AE543732-1CBA-43A5-B122-4D4BDBE7D5B9}.Debug|x64.Build.0 = Debug|Any CPU
		{AE543732-1CBA-43A5-B122-4D4BDBE7D5B9}.Debug|x86.ActiveCfg = Debug|Any CPU
		{AE543732-1CBA-43A5-B122-4D4BDBE7D5B9}.Debug|x86.Build.0 = Debug|Any CPU
		{AE543732-1CBA-43A5-B122-4D4BDBE7D5B9}.Release|Any CPU.ActiveCfg = Release|Any CPU
		{AE543732-1CBA-43A5-B122-4D4BDBE7D5B9}.Release|Any CPU.Build.0 = Release|Any CPU
		{AE543732-1CBA-43A5-B122-4D4BDBE7D5B9}.Release|ARM.ActiveCfg = Release|Any CPU
		{AE543732-1CBA-43A5-B122-4D4BDBE7D5B9}.Release|ARM.Build.0 = Release|Any CPU
		{AE543732-1CBA-43A5-B122-4D4BDBE7D5B9}.Release|ARM64.ActiveCfg = Release|Any CPU
		{AE543732-1CBA-43A5-B122-4D4BDBE7D5B9}.Release|ARM64.Build.0 = Release|Any CPU
		{AE543732-1CBA-43A5-B122-4D4BDBE7D5B9}.Release|x64.ActiveCfg = Release|Any CPU
		{AE543732-1CBA-43A5-B122-4D4BDBE7D5B9}.Release|x64.Build.0 = Release|Any CPU
		{AE543732-1CBA-43A5-B122-4D4BDBE7D5B9}.Release|x86.ActiveCfg = Release|Any CPU
		{AE543732-1CBA-43A5-B122-4D4BDBE7D5B9}.Release|x86.Build.0 = Release|Any CPU
	EndGlobalSection
	GlobalSection(SolutionProperties) = preSolution
		HideSolutionNode = FALSE
	EndGlobalSection
	GlobalSection(ExtensibilityGlobals) = postSolution
		SolutionGuid = {C08EF219-70A7-43EE-88B5-291CEC0AEA22}
	EndGlobalSection
EndGlobal
